{
  "name": "sellquiz-standalone-examples",
  "version": "2.0.1",
  "lockfileVersion": 2,
  "requires": true,
  "packages": {
    "": {
      "name": "sellquiz-standalone-examples",
      "version": "2.0.1",
      "license": "GPL-3.0-or-later",
      "dependencies": {
        "@popperjs/core": "^2.9.2",
        "bootstrap": "^5.0.1",
        "jquery": "^3.6.0",
        "mathjax": "^3.1.4",
        "mathjs": "^9.4.2",
        "sellquiz": "^2.0.0"
      }
    },
    "../sell-npm": {
      "name": "sell",
      "version": "1.0.0",
      "extraneous": true,
      "license": "GPL-3.0-or-later",
      "dependencies": {
        "jquery": "^3.6.0",
        "mathjs": "^9.4.2"
      },
      "devDependencies": {
        "rollup": "^2.51.2"
      }
    },
    "node_modules/@babel/runtime": {
      "version": "7.14.6",
      "resolved": "https://registry.npmjs.org/@babel/runtime/-/runtime-7.14.6.tgz",
      "integrity": "sha512-/PCB2uJ7oM44tz8YhC4Z/6PeOKXp4K588f+5M3clr1M4zbqztlo0XEfJ2LEzj/FgwfgGcIdl8n7YYjTCI0BYwg==",
      "dependencies": {
        "regenerator-runtime": "^0.13.4"
      },
      "engines": {
        "node": ">=6.9.0"
      }
    },
    "node_modules/@popperjs/core": {
      "version": "2.9.2",
      "resolved": "https://registry.npmjs.org/@popperjs/core/-/core-2.9.2.tgz",
      "integrity": "sha512-VZMYa7+fXHdwIq1TDhSXoVmSPEGM/aa+6Aiq3nVVJ9bXr24zScr+NlKFKC3iPljA7ho/GAZr+d2jOf5GIRC30Q==",
      "funding": {
        "type": "opencollective",
        "url": "https://opencollective.com/popperjs"
      }
    },
    "node_modules/bootstrap": {
      "version": "5.0.1",
      "resolved": "https://registry.npmjs.org/bootstrap/-/bootstrap-5.0.1.tgz",
      "integrity": "sha512-Fl79+wsLOZKoiU345KeEaWD0ik8WKRI5zm0YSPj2oF1Qr+BO7z0fco6GbUtqjoG1h4VI89PeKJnMsMMVQdKKTw==",
      "funding": {
        "type": "opencollective",
        "url": "https://opencollective.com/bootstrap"
      },
      "peerDependencies": {
        "@popperjs/core": "^2.9.2"
      }
    },
    "node_modules/complex.js": {
      "version": "2.0.13",
      "resolved": "https://registry.npmjs.org/complex.js/-/complex.js-2.0.13.tgz",
      "integrity": "sha512-UEWd3G3/kd3lJmsdLsDh9qfinJlujL4hIFn3Vo4/G5eqehPsgCHf2CLhFs77tVkOp2stt/jbNit7Q1XFANFltA==",
      "engines": {
        "node": "*"
      }
    },
    "node_modules/decimal.js": {
      "version": "10.2.1",
      "resolved": "https://registry.npmjs.org/decimal.js/-/decimal.js-10.2.1.tgz",
      "integrity": "sha512-KaL7+6Fw6i5A2XSnsbhm/6B+NuEA7TZ4vqxnd5tXz9sbKtrN9Srj8ab4vKVdK8YAqZO9P1kg45Y6YLoduPf+kw=="
    },
    "node_modules/escape-latex": {
      "version": "1.2.0",
      "resolved": "https://registry.npmjs.org/escape-latex/-/escape-latex-1.2.0.tgz",
      "integrity": "sha512-nV5aVWW1K0wEiUIEdZ4erkGGH8mDxGyxSeqPzRNtWP7ataw+/olFObw7hujFWlVjNsaDFw5VZ5NzVSIqRgfTiw=="
    },
    "node_modules/fraction.js": {
      "version": "4.1.1",
      "resolved": "https://registry.npmjs.org/fraction.js/-/fraction.js-4.1.1.tgz",
      "integrity": "sha512-MHOhvvxHTfRFpF1geTK9czMIZ6xclsEor2wkIGYYq+PxcQqT7vStJqjhe6S1TenZrMZzo+wlqOufBDVepUEgPg==",
      "engines": {
        "node": "*"
      },
      "funding": {
        "type": "patreon",
        "url": "https://www.patreon.com/infusion"
      }
    },
    "node_modules/javascript-natural-sort": {
      "version": "0.7.1",
      "resolved": "https://registry.npmjs.org/javascript-natural-sort/-/javascript-natural-sort-0.7.1.tgz",
      "integrity": "sha1-+eIwPUUH9tdDVac2ZNFED7Wg71k="
    },
    "node_modules/jquery": {
      "version": "3.6.0",
      "resolved": "https://registry.npmjs.org/jquery/-/jquery-3.6.0.tgz",
      "integrity": "sha512-JVzAR/AjBvVt2BmYhxRCSYysDsPcssdmTFnzyLEts9qNwmjmu4JTAMYubEfwVOSwpQ1I1sKKFcxhZCI2buerfw=="
    },
    "node_modules/mathjax": {
      "version": "3.1.4",
      "resolved": "https://registry.npmjs.org/mathjax/-/mathjax-3.1.4.tgz",
      "integrity": "sha512-Okmc+F3l7vRWNMALbH0HMMoTJWVn1cbeDbybHppCeophIGdFS+xxD/OffYpZirUOHzesZostpzEwsLSst+4W8w=="
    },
    "node_modules/mathjs": {
      "version": "9.4.2",
      "resolved": "https://registry.npmjs.org/mathjs/-/mathjs-9.4.2.tgz",
      "integrity": "sha512-xu0AU6bpjxbDgCB824s/yDpAe0KR1TMUYz/yY7rYyRcEH56OuG8JPgxJhqlUyhhRpY++ZFDnRxRNGChYx1FLKQ==",
      "dependencies": {
        "@babel/runtime": "^7.14.0",
        "complex.js": "^2.0.13",
        "decimal.js": "^10.2.1",
        "escape-latex": "^1.2.0",
        "fraction.js": "^4.1.1",
        "javascript-natural-sort": "^0.7.1",
        "seedrandom": "^3.0.5",
        "tiny-emitter": "^2.1.0",
        "typed-function": "^2.0.0"
      },
      "bin": {
        "mathjs": "bin/cli.js"
      },
      "engines": {
        "node": ">= 10"
      }
    },
    "node_modules/regenerator-runtime": {
      "version": "0.13.7",
      "resolved": "https://registry.npmjs.org/regenerator-runtime/-/regenerator-runtime-0.13.7.tgz",
      "integrity": "sha512-a54FxoJDIr27pgf7IgeQGxmqUNYrcV338lf/6gH456HZ/PhX+5BcwHXG9ajESmwe6WRO0tAzRUrRmNONWgkrew=="
    },
    "node_modules/seedrandom": {
      "version": "3.0.5",
      "resolved": "https://registry.npmjs.org/seedrandom/-/seedrandom-3.0.5.tgz",
      "integrity": "sha512-8OwmbklUNzwezjGInmZ+2clQmExQPvomqjL7LFqOYqtmuxRgQYqOD3mHaU+MvZn5FLUeVxVfQjwLZW/n/JFuqg=="
    },
    "node_modules/sellquiz": {
      "version": "2.0.0",
      "resolved": "https://registry.npmjs.org/sellquiz/-/sellquiz-2.0.0.tgz",
      "integrity": "sha512-2z0l4H4otZR2jFM+fl7z1NLrD7r1UeTs4M/zdY8CXE48vM+eC8JlHZk9Y2Bbq+GAZm40CXMYG645yHzdwoq9ag==",
      "dependencies": {
        "jquery": "^3.6.0",
        "mathjs": "^9.4.2"
      }
    },
    "node_modules/tiny-emitter": {
      "version": "2.1.0",
      "resolved": "https://registry.npmjs.org/tiny-emitter/-/tiny-emitter-2.1.0.tgz",
      "integrity": "sha512-NB6Dk1A9xgQPMoGqC5CVXn123gWyte215ONT5Pp5a0yt4nlEoO1ZWeCwpncaekPHXO60i47ihFnZPiRPjRMq4Q=="
    },
    "node_modules/typed-function": {
      "version": "2.0.0",
      "resolved": "https://registry.npmjs.org/typed-function/-/typed-function-2.0.0.tgz",
      "integrity": "sha512-Hhy1Iwo/e4AtLZNK10ewVVcP2UEs408DS35ubP825w/YgSBK1KVLwALvvIG4yX75QJrxjCpcWkzkVRB0BwwYlA==",
      "engines": {
        "node": ">= 8"
      }
    }
  },
  "dependencies": {
    "@babel/runtime": {
      "version": "7.14.6",
      "resolved": "https://registry.npmjs.org/@babel/runtime/-/runtime-7.14.6.tgz",
      "integrity": "sha512-/PCB2uJ7oM44tz8YhC4Z/6PeOKXp4K588f+5M3clr1M4zbqztlo0XEfJ2LEzj/FgwfgGcIdl8n7YYjTCI0BYwg==",
      "requires": {
        "regenerator-runtime": "^0.13.4"
      }
    },
    "@popperjs/core": {
      "version": "2.9.2",
      "resolved": "https://registry.npmjs.org/@popperjs/core/-/core-2.9.2.tgz",
      "integrity": "sha512-VZMYa7+fXHdwIq1TDhSXoVmSPEGM/aa+6Aiq3nVVJ9bXr24zScr+NlKFKC3iPljA7ho/GAZr+d2jOf5GIRC30Q=="
    },
    "bootstrap": {
      "version": "5.0.1",
      "resolved": "https://registry.npmjs.org/bootstrap/-/bootstrap-5.0.1.tgz",
      "integrity": "sha512-Fl79+wsLOZKoiU345KeEaWD0ik8WKRI5zm0YSPj2oF1Qr+BO7z0fco6GbUtqjoG1h4VI89PeKJnMsMMVQdKKTw==",
      "requires": {}
    },
    "complex.js": {
      "version": "2.0.13",
      "resolved": "https://registry.npmjs.org/complex.js/-/complex.js-2.0.13.tgz",
      "integrity": "sha512-UEWd3G3/kd3lJmsdLsDh9qfinJlujL4hIFn3Vo4/G5eqehPsgCHf2CLhFs77tVkOp2stt/jbNit7Q1XFANFltA=="
    },
    "decimal.js": {
      "version": "10.2.1",
      "resolved": "https://registry.npmjs.org/decimal.js/-/decimal.js-10.2.1.tgz",
      "integrity": "sha512-KaL7+6Fw6i5A2XSnsbhm/6B+NuEA7TZ4vqxnd5tXz9sbKtrN9Srj8ab4vKVdK8YAqZO9P1kg45Y6YLoduPf+kw=="
    },
    "escape-latex": {
      "version": "1.2.0",
      "resolved": "https://registry.npmjs.org/escape-latex/-/escape-latex-1.2.0.tgz",
      "integrity": "sha512-nV5aVWW1K0wEiUIEdZ4erkGGH8mDxGyxSeqPzRNtWP7ataw+/olFObw7hujFWlVjNsaDFw5VZ5NzVSIqRgfTiw=="
    },
    "fraction.js": {
      "version": "4.1.1",
      "resolved": "https://registry.npmjs.org/fraction.js/-/fraction.js-4.1.1.tgz",
      "integrity": "sha512-MHOhvvxHTfRFpF1geTK9czMIZ6xclsEor2wkIGYYq+PxcQqT7vStJqjhe6S1TenZrMZzo+wlqOufBDVepUEgPg=="
    },
    "javascript-natural-sort": {
      "version": "0.7.1",
      "resolved": "https://registry.npmjs.org/javascript-natural-sort/-/javascript-natural-sort-0.7.1.tgz",
      "integrity": "sha1-+eIwPUUH9tdDVac2ZNFED7Wg71k="
    },
    "jquery": {
      "version": "3.6.0",
      "resolved": "https://registry.npmjs.org/jquery/-/jquery-3.6.0.tgz",
      "integrity": "sha512-JVzAR/AjBvVt2BmYhxRCSYysDsPcssdmTFnzyLEts9qNwmjmu4JTAMYubEfwVOSwpQ1I1sKKFcxhZCI2buerfw=="
    },
    "mathjax": {
      "version": "3.1.4",
      "resolved": "https://registry.npmjs.org/mathjax/-/mathjax-3.1.4.tgz",
      "integrity": "sha512-Okmc+F3l7vRWNMALbH0HMMoTJWVn1cbeDbybHppCeophIGdFS+xxD/OffYpZirUOHzesZostpzEwsLSst+4W8w=="
    },
    "mathjs": {
      "version": "9.4.2",
      "resolved": "https://registry.npmjs.org/mathjs/-/mathjs-9.4.2.tgz",
      "integrity": "sha512-xu0AU6bpjxbDgCB824s/yDpAe0KR1TMUYz/yY7rYyRcEH56OuG8JPgxJhqlUyhhRpY++ZFDnRxRNGChYx1FLKQ==",
      "requires": {
        "@babel/runtime": "^7.14.0",
        "complex.js": "^2.0.13",
        "decimal.js": "^10.2.1",
        "escape-latex": "^1.2.0",
        "fraction.js": "^4.1.1",
        "javascript-natural-sort": "^0.7.1",
        "seedrandom": "^3.0.5",
        "tiny-emitter": "^2.1.0",
        "typed-function": "^2.0.0"
      }
    },
    "regenerator-runtime": {
      "version": "0.13.7",
      "resolved": "https://registry.npmjs.org/regenerator-runtime/-/regenerator-runtime-0.13.7.tgz",
      "integrity": "sha512-a54FxoJDIr27pgf7IgeQGxmqUNYrcV338lf/6gH456HZ/PhX+5BcwHXG9ajESmwe6WRO0tAzRUrRmNONWgkrew=="
    },
    "seedrandom": {
      "version": "3.0.5",
      "resolved": "https://registry.npmjs.org/seedrandom/-/seedrandom-3.0.5.tgz",
      "integrity": "sha512-8OwmbklUNzwezjGInmZ+2clQmExQPvomqjL7LFqOYqtmuxRgQYqOD3mHaU+MvZn5FLUeVxVfQjwLZW/n/JFuqg=="
    },
    "sellquiz": {
      "version": "2.0.0",
      "resolved": "https://registry.npmjs.org/sellquiz/-/sellquiz-2.0.0.tgz",
      "integrity": "sha512-2z0l4H4otZR2jFM+fl7z1NLrD7r1UeTs4M/zdY8CXE48vM+eC8JlHZk9Y2Bbq+GAZm40CXMYG645yHzdwoq9ag==",
      "requires": {
        "jquery": "^3.6.0",
        "mathjs": "^9.4.2"
      }
    },
    "tiny-emitter": {
      "version": "2.1.0",
      "resolved": "https://registry.npmjs.org/tiny-emitter/-/tiny-emitter-2.1.0.tgz",
      "integrity": "sha512-NB6Dk1A9xgQPMoGqC5CVXn123gWyte215ONT5Pp5a0yt4nlEoO1ZWeCwpncaekPHXO60i47ihFnZPiRPjRMq4Q=="
    },
    "typed-function": {
      "version": "2.0.0",
      "resolved": "https://registry.npmjs.org/typed-function/-/typed-function-2.0.0.tgz",
      "integrity": "sha512-Hhy1Iwo/e4AtLZNK10ewVVcP2UEs408DS35ubP825w/YgSBK1KVLwALvvIG4yX75QJrxjCpcWkzkVRB0BwwYlA=="
    }
  }
}
